
Microsoft Visual Studio Solution File, Format Version 12.00
# Visual Studio Version 16
VisualStudioVersion = 16.0.29215.179
MinimumVisualStudioVersion = 10.0.40219.1
Project("{9A19103F-16F7-4668-BE54-9A1E7A4F7556}") = "Wba.Oefening.Games.Core", "Wba.Oefening.Games.Core\Wba.Oefening.Games.Core.csproj", "{0610E501-03D6-4FD5-A6E5-C5D74FD685E5}"
EndProject
Project("{9A19103F-16F7-4668-BE54-9A1E7A4F7556}") = "Wba.Oefening.Games.Web", "Wba.Oefening.Games.Web\Wba.Oefening.Games.Web.csproj", "{930F03CC-84B7-49C4-9FCC-BF1E45AE0786}"
EndProject
Global
	GlobalSection(SolutionConfigurationPlatforms) = preSolution
		Debug|Any CPU = Debug|Any CPU
		Release|Any CPU = Release|Any CPU
	EndGlobalSection
	GlobalSection(ProjectConfigurationPlatforms) = postSolution
		{0610E501-03D6-4FD5-A6E5-C5D74FD685E5}.Debug|Any CPU.ActiveCfg = Debug|Any CPU
		{0610E501-03D6-4FD5-A6E5-C5D74FD685E5}.Debug|Any CPU.Build.0 = Debug|Any CPU
		{0610E501-03D6-4FD5-A6E5-C5D74FD685E5}.Release|Any CPU.ActiveCfg = Release|Any CPU
		{0610E501-03D6-4FD5-A6E5-C5D74FD685E5}.Release|Any CPU.Build.0 = Release|Any CPU
		{930F03CC-84B7-49C4-9FCC-BF1E45AE0786}.Debug|Any CPU.ActiveCfg = Debug|Any CPU
		{930F03CC-84B7-49C4-9FCC-BF1E45AE0786}.Debug|Any CPU.Build.0 = Debug|Any CPU
		{930F03CC-84B7-49C4-9FCC-BF1E45AE0786}.Release|Any CPU.ActiveCfg = Release|Any CPU
		{930F03CC-84B7-49C4-9FCC-BF1E45AE0786}.Release|Any CPU.Build.0 = Release|Any CPU
	EndGlobalSection
	GlobalSection(SolutionProperties) = preSolution
		HideSolutionNode = FALSE
	EndGlobalSection
	GlobalSection(ExtensibilityGlobals) = postSolution
		SolutionGuid = {CB984C12-CA90-480D-89F8-58557F96E011}
	EndGlobalSection
EndGlobal
